
Microsoft Visual Studio Solution File, Format Version 12.00
# Visual Studio Version 16
VisualStudioVersion = 16.0.29905.134
MinimumVisualStudioVersion = 10.0.40219.1
Project("{FAE04EC0-301F-11D3-BF4B-00C04F79EFBC}") = "HRMS_CLUSTER", "HRMS_CLUSTER\HRMS_CLUSTER.csproj", "{B5BF89EB-90EA-421E-9AD7-C7977962B6A0}"
EndProject
Global
	GlobalSection(SolutionConfigurationPlatforms) = preSolution
		Debug|Any CPU = Debug|Any CPU
		Release|Any CPU = Release|Any CPU
	EndGlobalSection
	GlobalSection(ProjectConfigurationPlatforms) = postSolution
		{B5BF89EB-90EA-421E-9AD7-C7977962B6A0}.Debug|Any CPU.ActiveCfg = Debug|Any CPU
		{B5BF89EB-90EA-421E-9AD7-C7977962B6A0}.Debug|Any CPU.Build.0 = Debug|Any CPU
		{B5BF89EB-90EA-421E-9AD7-C7977962B6A0}.Release|Any CPU.ActiveCfg = Release|Any CPU
		{B5BF89EB-90EA-421E-9AD7-C7977962B6A0}.Release|Any CPU.Build.0 = Release|Any CPU
	EndGlobalSection
	GlobalSection(SolutionProperties) = preSolution
		HideSolutionNode = FALSE
	EndGlobalSection
	GlobalSection(ExtensibilityGlobals) = postSolution
		SolutionGuid = {5383C714-8243-4E05-B1EB-79387DE11A37}
	EndGlobalSection
EndGlobal
